version = 1
revision = 3
requires-python = ">=3.8"
resolution-markers = [
    "python_full_version >= '3.10'",
    "python_full_version == '3.9.*'",
    "python_full_version < '3.9'",
]

[[package]]
name = "colorama"
version = "0.4.6"
source = { registry = "https://pypi.org/simple" }
sdist = { url = "https://files.pythonhosted.org/packages/d8/53/6f443c9a4a8358a93a6792e2acffb9d9d5cb0a5cfd8802644b7b1c9a02e4/colorama-0.4.6.tar.gz", hash = "sha256:08695f5cb7ed6e0531a20572697297273c47b8cae5a63ffc6d6ed5c201be6e44", size = 27697, upload-time = "2022-10-25T02:36:22.414Z" }
wheels = [
    { url = "https://files.pythonhosted.org/packages/d1/d6/3965ed04c63042e047cb6a3e6ed1a63a35087b6a609aa3a15ed8ac56c221/colorama-0.4.6-py2.py3-none-any.whl", hash = "sha256:4f1d9991f5acc0ca119f9d443620b77f9d6b33703e51011c16baf57afb285fc6", size = 25335, upload-time = "2022-10-25T02:36:20.889Z" },
]

[[package]]
name = "loguru"
version = "0.7.3"
source = { registry = "https://pypi.org/simple" }
dependencies = [
    { name = "colorama", marker = "sys_platform == 'win32'" },
    { name = "win32-setctime", marker = "sys_platform == 'win32'" },
]
sdist = { url = "https://files.pythonhosted.org/packages/3a/05/a1dae3dffd1116099471c643b8924f5aa6524411dc6c63fdae648c4f1aca/loguru-0.7.3.tar.gz", hash = "sha256:19480589e77d47b8d85b2c827ad95d49bf31b0dcde16593892eb51dd18706eb6", size = 63559, upload-time = "2024-12-06T11:20:56.608Z" }
wheels = [
    { url = "https://files.pythonhosted.org/packages/0c/29/0348de65b8cc732daa3e33e67806420b2ae89bdce2b04af740289c5c6c8c/loguru-0.7.3-py3-none-any.whl", hash = "sha256:31a33c10c8e1e10422bfd431aeb5d351c7cf7fa671e3c4df004162264b28220c", size = 61595, upload-time = "2024-12-06T11:20:54.538Z" },
]

[[package]]
name = "purchase-sync"
version = "0.1.0"
source = { virtual = "." }
dependencies = [
    { name = "loguru" },
    { name = "pyodbc", version = "5.2.0", source = { registry = "https://pypi.org/simple" }, marker = "python_full_version < '3.9'" },
    { name = "pyodbc", version = "5.3.0", source = { registry = "https://pypi.org/simple" }, marker = "python_full_version >= '3.9'" },
    { name = "python-dotenv", version = "1.0.1", source = { registry = "https://pypi.org/simple" }, marker = "python_full_version < '3.9'" },
    { name = "python-dotenv", version = "1.2.1", source = { registry = "https://pypi.org/simple" }, marker = "python_full_version == '3.9.*'" },
    { name = "python-dotenv", version = "1.2.2", source = { registry = "https://pypi.org/simple" }, marker = "python_full_version >= '3.10'" },
]

[package.metadata]
requires-dist = [
    { name = "loguru", specifier = ">=0.7.0" },
    { name = "pyodbc", specifier = ">=4.0.39" },
    { name = "python-dotenv", specifier = ">=1.0.0" },
]

[[package]]
name = "pyodbc"
version = "5.2.0"
source = { registry = "https://pypi.org/simple" }
resolution-markers = [
    "python_full_version < '3.9'",
]
sdist = { url = "https://files.pythonhosted.org/packages/a0/36/a1ac7d23a1611e7ccd4d27df096f3794e8d1e7faa040260d9d41b6fc3185/pyodbc-5.2.0.tar.gz", hash = "sha256:de8be39809c8ddeeee26a4b876a6463529cd487a60d1393eb2a93e9bcd44a8f5", size = 116908, upload-time = "2024-10-16T01:40:13.425Z" }
wheels = [
    { url = "https://files.pythonhosted.org/packages/30/01/05c4a4ec122c4a8a37fa1be5bdbf6fb23724a2ee3b1b771bb46f710158a9/pyodbc-5.2.0-cp310-cp310-macosx_10_9_x86_64.whl", hash = "sha256:eb0850e3e3782f57457feed297e220bb20c3e8fd7550d7a6b6bb96112bd9b6fe", size = 72483, upload-time = "2024-10-16T01:39:23.697Z" },
    { url = "https://files.pythonhosted.org/packages/73/22/ba718cc5508bdfbb53e1906018d7f597be37241c769dda8a48f52af96fe3/pyodbc-5.2.0-cp310-cp310-macosx_11_0_arm64.whl", hash = "sha256:0dae0fb86078c87acf135dbe5afd3c7d15d52ab0db5965c44159e84058c3e2fb", size = 71794, upload-time = "2024-10-16T01:39:25.372Z" },
    { url = "https://files.pythonhosted.org/packages/24/e4/9d859ea3642059c10a6644a00ccb1f8b8e02c1e4f49ab34250db1273c2c5/pyodbc-5.2.0-cp310-cp310-manylinux_2_17_aarch64.manylinux2014_aarch64.whl", hash = "sha256:6493b9c7506ca964b80ad638d0dc82869df7058255d71f04fdd1405e88bcb36b", size = 332850, upload-time = "2024-10-16T01:39:27.789Z" },
    { url = "https://files.pythonhosted.org/packages/b9/a7/98c3555c10cfeb343ec7eea69ecb17476aa3ace72131ea8a4a1f8250318c/pyodbc-5.2.0-cp310-cp310-manylinux_2_17_x86_64.manylinux2014_x86_64.whl", hash = "sha256:e04de873607fb960e71953c164c83e8e5d9291ce0d69e688e54947b254b04902", size = 336009, upload-time = "2024-10-16T01:39:29.694Z" },
    { url = "https://files.pythonhosted.org/packages/24/c1/d5b16dd62eb70f281bc90cdc1e3c46af7acda3f0f6afb34553206506ccb2/pyodbc-5.2.0-cp310-cp310-win32.whl", hash = "sha256:74135cb10c1dcdbd99fe429c61539c232140e62939fa7c69b0a373cc552e4a08", size = 62407, upload-time = "2024-10-16T01:39:31.894Z" },
    { url = "https://files.pythonhosted.org/packages/f5/12/22c83669abee4ca5915aa89172cf1673b58ca05f44dabeb8b0bac9b7fecc/pyodbc-5.2.0-cp310-cp310-win_amd64.whl", hash = "sha256:d287121eeaa562b9ab3d4c52fa77c793dfedd127049273eb882a05d3d67a8ce8", size = 68874, upload-time = "2024-10-16T01:39:33.325Z" },
    { url = "https://files.pythonhosted.org/packages/8f/a2/5907ce319a571eb1e271d6a475920edfeacd92da1021bb2a15ed1b7f6ac1/pyodbc-5.2.0-cp311-cp311-macosx_10_9_x86_64.whl", hash = "sha256:4627779f0a608b51ce2d2fe6d1d395384e65ca36248bf9dbb6d7cf2c8fda1cab", size = 72536, upload-time = "2024-10-16T01:39:34.715Z" },
    { url = "https://files.pythonhosted.org/packages/e1/b8/bd438ab2bb9481615142784b0c9778079a87ae1bca7a0fe8aabfc088aa9f/pyodbc-5.2.0-cp311-cp311-macosx_11_0_arm64.whl", hash = "sha256:4d997d3b6551273647825c734158ca8a6f682df269f6b3975f2499c01577ddec", size = 71825, upload-time = "2024-10-16T01:39:36.343Z" },
    { url = "https://files.pythonhosted.org/packages/8b/82/cf71ae99b511a7f20c380ce470de233a0291fa3798afa74e0adc8fad1675/pyodbc-5.2.0-cp311-cp311-manylinux_2_17_aarch64.manylinux2014_aarch64.whl", hash = "sha256:5102007a8c78dd2fc1c1b6f6147de8cfc020f81013e4b46c33e66aaa7d1bf7b1", size = 342304, upload-time = "2024-10-16T01:39:37.82Z" },
    { url = "https://files.pythonhosted.org/packages/43/ea/03fe042f4a390df05e753ddd21c6cab006baae1eee71ce230f6e2a883944/pyodbc-5.2.0-cp311-cp311-manylinux_2_17_x86_64.manylinux2014_x86_64.whl", hash = "sha256:7e3cbc7075a46c411b531ada557c4aef13d034060a70077717124cabc1717e2d", size = 346186, upload-time = "2024-10-16T01:39:39.3Z" },
    { url = "https://files.pythonhosted.org/packages/f9/80/48178bb50990147adb72ec9e377e94517a0dfaf2f2a6e3fe477d9a33671f/pyodbc-5.2.0-cp311-cp311-win32.whl", hash = "sha256:de1ee7ec2eb326b7be5e2c4ce20d472c5ef1a6eb838d126d1d26779ff5486e49", size = 62418, upload-time = "2024-10-16T01:39:40.797Z" },
    { url = "https://files.pythonhosted.org/packages/7c/6b/f0ad7d8a535d58f35f375ffbf367c68d0ec54452a431d23b0ebee4cd44c6/pyodbc-5.2.0-cp311-cp311-win_amd64.whl", hash = "sha256:113f904b9852c12f10c7a3288f5a3563ecdbbefe3ccc829074a9eb8255edcd29", size = 68871, upload-time = "2024-10-16T01:39:41.997Z" },
    { url = "https://files.pythonhosted.org/packages/26/26/104525b728fedfababd3143426b9d0008c70f0d604a3bf5d4773977d83f4/pyodbc-5.2.0-cp312-cp312-macosx_10_13_x86_64.whl", hash = "sha256:be43d1ece4f2cf4d430996689d89a1a15aeb3a8da8262527e5ced5aee27e89c3", size = 73014, upload-time = "2024-10-16T01:39:43.332Z" },
    { url = "https://files.pythonhosted.org/packages/4f/7d/bb632488b603bcd2a6753b858e8bc7dd56146dd19bd72003cc09ae6e3fc0/pyodbc-5.2.0-cp312-cp312-macosx_11_0_arm64.whl", hash = "sha256:9f7badd0055221a744d76c11440c0856fd2846ed53b6555cf8f0a8893a3e4b03", size = 72515, upload-time = "2024-10-16T01:39:44.506Z" },
    { url = "https://files.pythonhosted.org/packages/ab/38/a1b9bfe5a7062672268553c2d6ff93676173b0fb4bd583e8c4f74a0e296f/pyodbc-5.2.0-cp312-cp312-manylinux_2_17_aarch64.manylinux2014_aarch64.whl", hash = "sha256:ad633c52f4f4e7691daaa2278d6e6ebb2fe4ae7709e610e22c7dd1a1d620cf8b", size = 348561, upload-time = "2024-10-16T01:39:45.986Z" },
    { url = "https://files.pythonhosted.org/packages/71/82/ddb1c41c682550116f391aa6cab2052910046a30d63014bbe6d09c4958f4/pyodbc-5.2.0-cp312-cp312-manylinux_2_17_x86_64.manylinux2014_x86_64.whl", hash = "sha256:97d086a8f7a302b74c9c2e77bedf954a603b19168af900d4d3a97322e773df63", size = 353962, upload-time = "2024-10-16T01:39:47.254Z" },
    { url = "https://files.pythonhosted.org/packages/e5/29/fec0e739d0c1cab155843ed71d0717f5e1694effe3f28d397168f48bcd92/pyodbc-5.2.0-cp312-cp312-win32.whl", hash = "sha256:0e4412f8e608db2a4be5bcc75f9581f386ed6a427dbcb5eac795049ba6fc205e", size = 63050, upload-time = "2024-10-16T01:39:48.8Z" },
    { url = "https://files.pythonhosted.org/packages/21/7f/3a47e022a97b017ffb73351a1061e4401bcb5aa4fc0162d04f4e5452e4fc/pyodbc-5.2.0-cp312-cp312-win_amd64.whl", hash = "sha256:b1f5686b142759c5b2bdbeaa0692622c2ebb1f10780eb3c174b85f5607fbcf55", size = 69485, upload-time = "2024-10-16T01:39:49.732Z" },
    { url = "https://files.pythonhosted.org/packages/90/be/e5f8022ec57a7ea6aa3717a3f307a44c3b012fce7ad6ec91aad3e2a56978/pyodbc-5.2.0-cp313-cp313-macosx_10_13_x86_64.whl", hash = "sha256:26844d780045bbc3514d5c2f0d89e7fda7df7db0bd24292eb6902046f5730885", size = 72982, upload-time = "2024-10-16T01:39:50.738Z" },
    { url = "https://files.pythonhosted.org/packages/5c/0e/71111e4f53936b0b99731d9b6acfc8fc95660533a1421447a63d6e519112/pyodbc-5.2.0-cp313-cp313-macosx_11_0_arm64.whl", hash = "sha256:26d2d8fd53b71204c755abc53b0379df4e23fd9a40faf211e1cb87e8a32470f0", size = 72515, upload-time = "2024-10-16T01:39:51.86Z" },
    { url = "https://files.pythonhosted.org/packages/a5/09/3c06bbc1ebb9ae15f53cefe10774809b67da643883287ba1c44ba053816a/pyodbc-5.2.0-cp313-cp313-manylinux_2_17_aarch64.manylinux2014_aarch64.whl", hash = "sha256:a27996b6d27e275dfb5fe8a34087ba1cacadfd1439e636874ef675faea5149d9", size = 347470, upload-time = "2024-10-16T01:39:53.594Z" },
    { url = "https://files.pythonhosted.org/packages/a4/35/1c7efd4665e7983169d20175014f68578e0edfcbc4602b0bafcefa522c4a/pyodbc-5.2.0-cp313-cp313-manylinux_2_17_x86_64.manylinux2014_x86_64.whl", hash = "sha256:eaf42c4bd323b8fd01f1cd900cca2d09232155f9b8f0b9bcd0be66763588ce64", size = 353025, upload-time = "2024-10-16T01:39:55.124Z" },
    { url = "https://files.pythonhosted.org/packages/6d/c9/736d07fa33572abdc50d858fd9e527d2c8281f3acbb90dff4999a3662edd/pyodbc-5.2.0-cp313-cp313-win32.whl", hash = "sha256:207f16b7e9bf09c591616429ebf2b47127e879aad21167ac15158910dc9bbcda", size = 63052, upload-time = "2024-10-16T01:39:56.565Z" },
    { url = "https://files.pythonhosted.org/packages/73/2a/3219c8b7fa3788fc9f27b5fc2244017223cf070e5ab370f71c519adf9120/pyodbc-5.2.0-cp313-cp313-win_amd64.whl", hash = "sha256:96d3127f28c0dacf18da7ae009cd48eac532d3dcc718a334b86a3c65f6a5ef5c", size = 69486, upload-time = "2024-10-16T01:39:57.57Z" },
    { url = "https://files.pythonhosted.org/packages/fe/0a/e6b7afb1b409208a32c48c83f2fd04735c112445f86445e12f23c64c92c4/pyodbc-5.2.0-cp38-cp38-macosx_10_9_x86_64.whl", hash = "sha256:770e1ac2e7bdf31439bf1d57a1d34ae37d6151216367e8e3f6cdc275006c8bb0", size = 72524, upload-time = "2024-10-16T01:39:58.693Z" },
    { url = "https://files.pythonhosted.org/packages/c5/3a/72eb42ccf1f91eb80456b71cdac6ee200e3a714b118b47022619ac6cb90e/pyodbc-5.2.0-cp38-cp38-macosx_11_0_arm64.whl", hash = "sha256:4fde753fcea625bfaed36edae34c2fba15bf0b5d0ea27474ee038ef47b684d1d", size = 71840, upload-time = "2024-10-16T01:39:59.667Z" },
    { url = "https://files.pythonhosted.org/packages/2c/2d/7f7d0fc6f9d1c837edea2df0820425466a88ce4b7a4f9bc7f6f51f1bf37f/pyodbc-5.2.0-cp38-cp38-manylinux_2_17_aarch64.manylinux2014_aarch64.whl", hash = "sha256:d57843b9792994f9e73b91667da6452a4f2d7caaa2499598783eb972c4b6eb93", size = 334448, upload-time = "2024-10-16T01:40:00.773Z" },
    { url = "https://files.pythonhosted.org/packages/4a/7b/8f33721e9f78fc61902acf8f163ad3339cc5fe36fdd7d729a8f885f374f1/pyodbc-5.2.0-cp38-cp38-manylinux_2_17_x86_64.manylinux2014_x86_64.whl", hash = "sha256:f1f38adc47d36af392475cd4aaae0f35652fdc9e8364bf155810fe1be591336f", size = 338196, upload-time = "2024-10-16T01:40:02.109Z" },
    { url = "https://files.pythonhosted.org/packages/19/7a/17895a3221fa8365062ba0cef4474d217c005aa328771ee1c1a04ee26938/pyodbc-5.2.0-cp38-cp38-win32.whl", hash = "sha256:dc5342d1d09466f9e76e3979551f9205a01ff0ea78b02d2d889171e8c3c4fb9c", size = 62426, upload-time = "2024-10-16T01:40:03.342Z" },
    { url = "https://files.pythonhosted.org/packages/4d/44/edf8d7a06338ceddd976ce3516c74443fe592d317d20e06b0868b207fb0c/pyodbc-5.2.0-cp38-cp38-win_amd64.whl", hash = "sha256:2b5323be83fedc79a6d1e1b96e67bdc368c1d3f1562b8f8184b735acdd749ae9", size = 68908, upload-time = "2024-10-16T01:40:04.427Z" },
    { url = "https://files.pythonhosted.org/packages/7c/1a/bec4dd9f65a7c0c1a75641119351f0f402c721bbcea3c4eb684868259467/pyodbc-5.2.0-cp39-cp39-macosx_10_9_x86_64.whl", hash = "sha256:9e8f4ee2c523bbe85124540ffad62a3b62ae481f012e390ef93e0602b6302e5e", size = 72440, upload-time = "2024-10-16T01:40:05.42Z" },
    { url = "https://files.pythonhosted.org/packages/df/2f/62cce82e4547dc8c4ac3174403e24ed31bdb10bb69ad30e1bb362b960877/pyodbc-5.2.0-cp39-cp39-macosx_11_0_arm64.whl", hash = "sha256:057b8ede91b21d9f0ef58210d1ca1aad704e641ca68ac6b02f109d86b61d7402", size = 71902, upload-time = "2024-10-16T01:40:06.379Z" },
    { url = "https://files.pythonhosted.org/packages/f0/1a/54d9595f0471c15b1de4766ec3436763aeef980740d484d629afa778c506/pyodbc-5.2.0-cp39-cp39-manylinux_2_17_aarch64.manylinux2014_aarch64.whl", hash = "sha256:5f0ecbc7067467df95c9b8bd38fb2682c4a13a3402d77dccaddf1e145cea8cc0", size = 329596, upload-time = "2024-10-16T01:40:07.948Z" },
    { url = "https://files.pythonhosted.org/packages/2d/3a/88bc3bb8c15aefaf98bfadd51dae2fe492486daeb04911d8cf0a6d8dd884/pyodbc-5.2.0-cp39-cp39-manylinux_2_17_x86_64.manylinux2014_x86_64.whl", hash = "sha256:26b7f8324fa01c09fe4843ad8adb0b131299ef263a1fb9e63830c9cd1d5c45e4", size = 333575, upload-time = "2024-10-16T01:40:09.898Z" },
    { url = "https://files.pythonhosted.org/packages/60/75/aedf6d10f66b22302dc3f0181cbef0cc5789f2c2a658343f10ae72f51190/pyodbc-5.2.0-cp39-cp39-win32.whl", hash = "sha256:600ef6f562f609f5612ffaa8a93827249150aa3030c867937c87b24a1608967e", size = 62379, upload-time = "2024-10-16T01:40:11.412Z" },
    { url = "https://files.pythonhosted.org/packages/d9/9c/b1e367b07904a52f22b8707979bcbda1b5a6056c46e67e0a66241d8138aa/pyodbc-5.2.0-cp39-cp39-win_amd64.whl", hash = "sha256:b77556349746fb90416a48bd114cd7323f7e2559a4b263dada935f9b406ba59b", size = 68951, upload-time = "2024-10-16T01:40:12.374Z" },
]

[[package]]
name = "pyodbc"
version = "5.3.0"
source = { registry = "https://pypi.org/simple" }
resolution-markers = [
    "python_full_version >= '3.10'",
    "python_full_version == '3.9.*'",
]
sdist = { url = "https://files.pythonhosted.org/packages/8f/85/44b10070a769a56bd910009bb185c0c0a82daff8d567cd1a116d7d730c7d/pyodbc-5.3.0.tar.gz", hash = "sha256:2fe0e063d8fb66efd0ac6dc39236c4de1a45f17c33eaded0d553d21c199f4d05", size = 121770, upload-time = "2025-10-17T18:04:09.43Z" }
wheels = [
    { url = "https://files.pythonhosted.org/packages/be/cd/d0ac9e8963cf43f3c0e8ebd284cd9c5d0e17457be76c35abe4998b7b6df2/pyodbc-5.3.0-cp310-cp310-macosx_10_9_x86_64.whl", hash = "sha256:6682cdec78f1302d0c559422c8e00991668e039ed63dece8bf99ef62173376a5", size = 71888, upload-time = "2025-10-17T18:02:58.285Z" },
    { url = "https://files.pythonhosted.org/packages/cb/7b/95ea2795ea8a0db60414e14f117869a5ba44bd52387886c1a210da637315/pyodbc-5.3.0-cp310-cp310-macosx_11_0_arm64.whl", hash = "sha256:9cd3f0a9796b3e1170a9fa168c7e7ca81879142f30e20f46663b882db139b7d2", size = 71813, upload-time = "2025-10-17T18:02:59.722Z" },
    { url = "https://files.pythonhosted.org/packages/95/c9/6f4644b60af513ea1c9cab1ff4af633e8f300e8468f4ae3507f04524e641/pyodbc-5.3.0-cp310-cp310-manylinux2014_aarch64.manylinux_2_17_aarch64.manylinux_2_28_aarch64.whl", hash = "sha256:46185a1a7f409761716c71de7b95e7bbb004390c650d00b0b170193e3d6224bb", size = 318556, upload-time = "2025-10-17T18:03:01.129Z" },
    { url = "https://files.pythonhosted.org/packages/19/3f/24876d9cb9c6ce1bd2b6f43f69ebc00b8eb47bf1ed99ee95e340bf90ed79/pyodbc-5.3.0-cp310-cp310-manylinux2014_x86_64.manylinux_2_17_x86_64.manylinux_2_28_x86_64.whl", hash = "sha256:349a9abae62a968b98f6bbd23d2825151f8d9de50b3a8f5f3271b48958fdb672", size = 322048, upload-time = "2025-10-17T18:03:02.522Z" },
    { url = "https://files.pythonhosted.org/packages/1f/27/faf17353605ac60f80136bc3172ed2d69d7defcb9733166293fc14ac2c52/pyodbc-5.3.0-cp310-cp310-musllinux_1_2_aarch64.whl", hash = "sha256:ac23feb7ddaa729f6b840639e92f83ff0ccaa7072801d944f1332cd5f5b05f47", size = 1286123, upload-time = "2025-10-17T18:03:04.157Z" },
    { url = "https://files.pythonhosted.org/packages/d4/61/c9d407d2aa3e89f9bb68acf6917b0045a788ae8c3f4045c34759cb77af63/pyodbc-5.3.0-cp310-cp310-musllinux_1_2_x86_64.whl", hash = "sha256:8aa396c6d6af52ccd51b8c8a5bffbb46fd44e52ce07ea4272c1d28e5e5b12722", size = 1343502, upload-time = "2025-10-17T18:03:05.485Z" },
    { url = "https://files.pythonhosted.org/packages/d9/9f/f1b0f3238d873d4930aa2a2b8d5ba97132f6416764bf0c87368f8d6f2139/pyodbc-5.3.0-cp310-cp310-win32.whl", hash = "sha256:46869b9a6555ff003ed1d8ebad6708423adf2a5c88e1a578b9f029fb1435186e", size = 62968, upload-time = "2025-10-17T18:03:06.933Z" },
    { url = "https://files.pythonhosted.org/packages/d8/26/5f8ebdca4735aad0119aaaa6d5d73b379901b7a1dbb643aaa636040b27cf/pyodbc-5.3.0-cp310-cp310-win_amd64.whl", hash = "sha256:705903acf6f43c44fc64e764578d9a88649eb21bf7418d78677a9d2e337f56f2", size = 69397, upload-time = "2025-10-17T18:03:08.49Z" },
    { url = "https://files.pythonhosted.org/packages/d1/c8/480a942fd2e87dd7df6d3c1f429df075695ed8ae34d187fe95c64219fd49/pyodbc-5.3.0-cp310-cp310-win_arm64.whl", hash = "sha256:c68d9c225a97aedafb7fff1c0e1bfe293093f77da19eaf200d0e988fa2718d16", size = 64446, upload-time = "2025-10-17T18:03:09.333Z" },
    { url = "https://files.pythonhosted.org/packages/e0/c7/534986d97a26cb8f40ef456dfcf00d8483161eade6d53fa45fcf2d5c2b87/pyodbc-5.3.0-cp311-cp311-macosx_10_9_x86_64.whl", hash = "sha256:ebc3be93f61ea0553db88589e683ace12bf975baa954af4834ab89f5ee7bf8ae", size = 71958, upload-time = "2025-10-17T18:03:10.163Z" },
    { url = "https://files.pythonhosted.org/packages/69/3c/6fe3e9eae6db1c34d6616a452f9b954b0d5516c430f3dd959c9d8d725f2a/pyodbc-5.3.0-cp311-cp311-macosx_11_0_arm64.whl", hash = "sha256:9b987a25a384f31e373903005554230f5a6d59af78bce62954386736a902a4b3", size = 71843, upload-time = "2025-10-17T18:03:11.058Z" },
    { url = "https://files.pythonhosted.org/packages/44/0e/81a0315d0bf7e57be24338dbed616f806131ab706d87c70f363506dc13d5/pyodbc-5.3.0-cp311-cp311-manylinux2014_aarch64.manylinux_2_17_aarch64.manylinux_2_28_aarch64.whl", hash = "sha256:676031723aac7dcbbd2813bddda0e8abf171b20ec218ab8dfb21d64a193430ea", size = 327191, upload-time = "2025-10-17T18:03:11.93Z" },
    { url = "https://files.pythonhosted.org/packages/43/ae/b95bb2068f911950322a97172c68675c85a3e87dc04a98448c339fcbef21/pyodbc-5.3.0-cp311-cp311-manylinux2014_x86_64.manylinux_2_17_x86_64.manylinux_2_28_x86_64.whl", hash = "sha256:c5c30c5cd40b751f77bbc73edd32c4498630939bcd4e72ee7e6c9a4b982cc5ca", size = 332228, upload-time = "2025-10-17T18:03:13.096Z" },
    { url = "https://files.pythonhosted.org/packages/dc/21/2433625f7d5922ee9a34e3805805fa0f1355d01d55206c337bb23ec869bf/pyodbc-5.3.0-cp311-cp311-musllinux_1_2_aarch64.whl", hash = "sha256:2035c7dfb71677cd5be64d3a3eb0779560279f0a8dc6e33673499498caa88937", size = 1296469, upload-time = "2025-10-17T18:03:14.61Z" },
    { url = "https://files.pythonhosted.org/packages/3a/f4/c760caf7bb9b3ab988975d84bd3e7ebda739fe0075c82f476d04ee97324c/pyodbc-5.3.0-cp311-cp311-musllinux_1_2_x86_64.whl", hash = "sha256:5cbe4d753723c8a8f65020b7a259183ef5f14307587165ce37e8c7e251951852", size = 1353163, upload-time = "2025-10-17T18:03:16.272Z" },
    { url = "https://files.pythonhosted.org/packages/14/ad/f9ca1e9e44fd91058f6e35b233b1bb6213d590185bfcc2a2c4f1033266e7/pyodbc-5.3.0-cp311-cp311-win32.whl", hash = "sha256:d255f6b117d05cfc046a5201fdf39535264045352ea536c35777cf66d321fbb8", size = 62925, upload-time = "2025-10-17T18:03:17.649Z" },
    { url = "https://files.pythonhosted.org/packages/e6/cf/52b9b94efd8cfd11890ae04f31f50561710128d735e4e38a8fbb964cd2c2/pyodbc-5.3.0-cp311-cp311-win_amd64.whl", hash = "sha256:f1ad0e93612a6201621853fc661209d82ff2a35892b7d590106fe8f97d9f1f2a", size = 69329, upload-time = "2025-10-17T18:03:18.474Z" },
    { url = "https://files.pythonhosted.org/packages/8b/6f/bf5433bb345007f93003fa062e045890afb42e4e9fc6bd66acc2c3bd12ca/pyodbc-5.3.0-cp311-cp311-win_arm64.whl", hash = "sha256:0df7ff47fab91ea05548095b00e5eb87ed88ddf4648c58c67b4db95ea4913e23", size = 64447, upload-time = "2025-10-17T18:03:19.691Z" },
    { url = "https://files.pythonhosted.org/packages/f5/0c/7ecf8077f4b932a5d25896699ff5c394ffc2a880a9c2c284d6a3e6ea5949/pyodbc-5.3.0-cp312-cp312-macosx_10_13_x86_64.whl", hash = "sha256:5ebf6b5d989395efe722b02b010cb9815698a4d681921bf5db1c0e1195ac1bde", size = 72994, upload-time = "2025-10-17T18:03:20.551Z" },
    { url = "https://files.pythonhosted.org/packages/03/78/9fbde156055d88c1ef3487534281a5b1479ee7a2f958a7e90714968749ac/pyodbc-5.3.0-cp312-cp312-macosx_11_0_arm64.whl", hash = "sha256:197bb6ddafe356a916b8ee1b8752009057fce58e216e887e2174b24c7ab99269", size = 72535, upload-time = "2025-10-17T18:03:21.423Z" },
    { url = "https://files.pythonhosted.org/packages/9f/f9/8c106dcd6946e95fee0da0f1ba58cd90eb872eebe8968996a2ea1f7ac3c1/pyodbc-5.3.0-cp312-cp312-manylinux2014_aarch64.manylinux_2_17_aarch64.manylinux_2_28_aarch64.whl", hash = "sha256:c6ccb5315ec9e081f5cbd66f36acbc820ad172b8fa3736cf7f993cdf69bd8a96", size = 333565, upload-time = "2025-10-17T18:03:22.695Z" },
    { url = "https://files.pythonhosted.org/packages/4b/30/2c70f47a76a4fafa308d148f786aeb35a4d67a01d41002f1065b465d9994/pyodbc-5.3.0-cp312-cp312-manylinux2014_x86_64.manylinux_2_17_x86_64.manylinux_2_28_x86_64.whl", hash = "sha256:5dd3d5e469f89a3112cf8b0658c43108a4712fad65e576071e4dd44d2bd763c7", size = 340283, upload-time = "2025-10-17T18:03:23.691Z" },
    { url = "https://files.pythonhosted.org/packages/7d/b2/0631d84731606bfe40d3b03a436b80cbd16b63b022c7b13444fb30761ca8/pyodbc-5.3.0-cp312-cp312-musllinux_1_2_aarch64.whl", hash = "sha256:b180bc5e49b74fd40a24ef5b0fe143d0c234ac1506febe810d7434bf47cb925b", size = 1302767, upload-time = "2025-10-17T18:03:25.311Z" },
    { url = "https://files.pythonhosted.org/packages/74/b9/707c5314cca9401081b3757301241c167a94ba91b4bd55c8fa591bf35a4a/pyodbc-5.3.0-cp312-cp312-musllinux_1_2_x86_64.whl", hash = "sha256:e3c39de3005fff3ae79246f952720d44affc6756b4b85398da4c5ea76bf8f506", size = 1361251, upload-time = "2025-10-17T18:03:26.538Z" },
    { url = "https://files.pythonhosted.org/packages/97/7c/893036c8b0c8d359082a56efdaa64358a38dda993124162c3faa35d1924d/pyodbc-5.3.0-cp312-cp312-win32.whl", hash = "sha256:d32c3259762bef440707098010035bbc83d1c73d81a434018ab8c688158bd3bb", size = 63413, upload-time = "2025-10-17T18:03:27.903Z" },
    { url = "https://files.pythonhosted.org/packages/c0/70/5e61b216cc13c7f833ef87f4cdeab253a7873f8709253f5076e9bb16c1b3/pyodbc-5.3.0-cp312-cp312-win_amd64.whl", hash = "sha256:fe77eb9dcca5fc1300c9121f81040cc9011d28cff383e2c35416e9ec06d4bc95", size = 70133, upload-time = "2025-10-17T18:03:28.746Z" },
    { url = "https://files.pythonhosted.org/packages/aa/85/e7d0629c9714a85eb4f85d21602ce6d8a1ec0f313fde8017990cf913e3b4/pyodbc-5.3.0-cp312-cp312-win_arm64.whl", hash = "sha256:afe7c4ac555a8d10a36234788fc6cfc22a86ce37fc5ba88a1f75b3e6696665dc", size = 64700, upload-time = "2025-10-17T18:03:29.638Z" },
    { url = "https://files.pythonhosted.org/packages/0c/1d/9e74cbcc1d4878553eadfd59138364b38656369eb58f7e5b42fb344c0ce7/pyodbc-5.3.0-cp313-cp313-macosx_10_13_x86_64.whl", hash = "sha256:7e9ab0b91de28a5ab838ac4db0253d7cc8ce2452efe4ad92ee6a57b922bf0c24", size = 72975, upload-time = "2025-10-17T18:03:30.466Z" },
    { url = "https://files.pythonhosted.org/packages/37/c7/27d83f91b3144d3e275b5b387f0564b161ddbc4ce1b72bb3b3653e7f4f7a/pyodbc-5.3.0-cp313-cp313-macosx_11_0_arm64.whl", hash = "sha256:6132554ffbd7910524d643f13ce17f4a72f3a6824b0adef4e9a7f66efac96350", size = 72541, upload-time = "2025-10-17T18:03:31.348Z" },
    { url = "https://files.pythonhosted.org/packages/1b/33/2bb24e7fc95e98a7b11ea5ad1f256412de35d2e9cc339be198258c1d9a76/pyodbc-5.3.0-cp313-cp313-manylinux2014_aarch64.manylinux_2_17_aarch64.manylinux_2_28_aarch64.whl", hash = "sha256:1629af4706e9228d79dabb4863c11cceb22a6dab90700db0ef449074f0150c0d", size = 343287, upload-time = "2025-10-17T18:03:32.287Z" },
    { url = "https://files.pythonhosted.org/packages/fa/24/88cde8b6dc07a93a92b6c15520a947db24f55db7bd8b09e85956642b7cf3/pyodbc-5.3.0-cp313-cp313-manylinux2014_x86_64.manylinux_2_17_x86_64.manylinux_2_28_x86_64.whl", hash = "sha256:5ceaed87ba2ea848c11223f66f629ef121f6ebe621f605cde9cfdee4fd9f4b68", size = 350094, upload-time = "2025-10-17T18:03:33.336Z" },
    { url = "https://files.pythonhosted.org/packages/c2/99/53c08562bc171a618fa1699297164f8885e66cde38c3b30f454730d0c488/pyodbc-5.3.0-cp313-cp313-musllinux_1_2_aarch64.whl", hash = "sha256:3cc472c8ae2feea5b4512e23b56e2b093d64f7cbc4b970af51da488429ff7818", size = 1301029, upload-time = "2025-10-17T18:03:34.561Z" },
    { url = "https://files.pythonhosted.org/packages/d8/10/68a0b5549876d4b53ba4c46eed2a7aca32d589624ed60beef5bd7382619e/pyodbc-5.3.0-cp313-cp313-musllinux_1_2_x86_64.whl", hash = "sha256:c79df54bbc25bce9f2d87094e7b39089c28428df5443d1902b0cc5f43fd2da6f", size = 1361420, upload-time = "2025-10-17T18:03:35.958Z" },
    { url = "https://files.pythonhosted.org/packages/41/0f/9dfe4987283ffcb981c49a002f0339d669215eb4a3fe4ee4e14537c52852/pyodbc-5.3.0-cp313-cp313-win32.whl", hash = "sha256:c2eb0b08e24fe5c40c7ebe9240c5d3bd2f18cd5617229acee4b0a0484dc226f2", size = 63399, upload-time = "2025-10-17T18:03:36.931Z" },
    { url = "https://files.pythonhosted.org/packages/56/03/15dcefe549d3888b649652af7cca36eda97c12b6196d92937ca6d11306e9/pyodbc-5.3.0-cp313-cp313-win_amd64.whl", hash = "sha256:01166162149adf2b8a6dc21a212718f205cabbbdff4047dc0c415af3fd85867e", size = 70133, upload-time = "2025-10-17T18:03:38.47Z" },
    { url = "https://files.pythonhosted.org/packages/c4/c1/c8b128ae59a14ecc8510e9b499208e342795aecc3af4c3874805c720b8db/pyodbc-5.3.0-cp313-cp313-win_arm64.whl", hash = "sha256:363311bd40320b4a61454bebf7c38b243cd67c762ed0f8a5219de3ec90c96353", size = 64683, upload-time = "2025-10-17T18:03:39.68Z" },
    { url = "https://files.pythonhosted.org/packages/ab/f2/c26d82a7ce1e90b8bbb8731d3d53de73814e2f6606b9db9d978303aa8d5f/pyodbc-5.3.0-cp314-cp314-macosx_10_15_x86_64.whl", hash = "sha256:3f1bdb3ce6480a17afaaef4b5242b356d4997a872f39e96f015cabef00613797", size = 73513, upload-time = "2025-10-17T18:03:40.536Z" },
    { url = "https://files.pythonhosted.org/packages/82/d5/1ab1b7c4708cbd701990a8f7183c5bb5e0712d5e8479b919934e46dadab4/pyodbc-5.3.0-cp314-cp314-macosx_11_0_arm64.whl", hash = "sha256:7713c740a10f33df3cb08f49a023b7e1e25de0c7c99650876bbe717bc95ee780", size = 72631, upload-time = "2025-10-17T18:03:41.713Z" },
    { url = "https://files.pythonhosted.org/packages/b1/f1/7e3831eeac2b09b31a77e6b3495491ce162035ff2903d7261b49d35aa3c2/pyodbc-5.3.0-cp314-cp314-manylinux2014_aarch64.manylinux_2_17_aarch64.manylinux_2_28_aarch64.whl", hash = "sha256:cf18797a12e70474e1b7f5027deeeccea816372497e3ff2d46b15bec2d18a0cc", size = 344580, upload-time = "2025-10-17T18:03:42.67Z" },
    { url = "https://files.pythonhosted.org/packages/a2/a6/71d26d626a3c45951620b7ff356ec920e420f0e09b0a924123682aa5e4ab/pyodbc-5.3.0-cp314-cp314-manylinux2014_x86_64.manylinux_2_17_x86_64.manylinux_2_28_x86_64.whl", hash = "sha256:08b2439500e212625471d32f8fde418075a5ddec556e095e5a4ba56d61df2dc6", size = 350224, upload-time = "2025-10-17T18:03:43.731Z" },
    { url = "https://files.pythonhosted.org/packages/93/14/f702c5e8c2d595776266934498505f11b7f1545baf21ffec1d32c258e9d3/pyodbc-5.3.0-cp314-cp314-musllinux_1_2_aarch64.whl", hash = "sha256:729c535341bb09c476f219d6f7ab194bcb683c4a0a368010f1cb821a35136f05", size = 1301503, upload-time = "2025-10-17T18:03:45.013Z" },
    { url = "https://files.pythonhosted.org/packages/d9/b2/ad92ebdd1b5c7fec36b065e586d1d34b57881e17ba5beec5c705f1031058/pyodbc-5.3.0-cp314-cp314-musllinux_1_2_x86_64.whl", hash = "sha256:c67e7f2ce649155ea89beb54d3b42d83770488f025cf3b6f39ca82e9c598a02e", size = 1361050, upload-time = "2025-10-17T18:03:46.298Z" },
    { url = "https://files.pythonhosted.org/packages/19/40/dc84e232da07056cb5aaaf5f759ba4c874bc12f37569f7f1670fc71e7ae1/pyodbc-5.3.0-cp314-cp314-win32.whl", hash = "sha256:a48d731432abaee5256ed6a19a3e1528b8881f9cb25cb9cf72d8318146ea991b", size = 65670, upload-time = "2025-10-17T18:03:56.414Z" },
    { url = "https://files.pythonhosted.org/packages/b8/79/c48be07e8634f764662d7a279ac204f93d64172162dbf90f215e2398b0bd/pyodbc-5.3.0-cp314-cp314-win_amd64.whl", hash = "sha256:58635a1cc859d5af3f878c85910e5d7228fe5c406d4571bffcdd281375a54b39", size = 72177, upload-time = "2025-10-17T18:03:57.296Z" },
    { url = "https://files.pythonhosted.org/packages/fc/79/e304574446b2263f428ce14df590ba52c2e0e0205e8d34b235b582b7d57e/pyodbc-5.3.0-cp314-cp314-win_arm64.whl", hash = "sha256:754d052030d00c3ac38da09ceb9f3e240e8dd1c11da8906f482d5419c65b9ef5", size = 66668, upload-time = "2025-10-17T18:03:58.174Z" },
    { url = "https://files.pythonhosted.org/packages/43/17/f4eabf443b838a2728773554017d08eee3aca353102934a7e3ba96fb0e31/pyodbc-5.3.0-cp314-cp314t-macosx_10_15_x86_64.whl", hash = "sha256:f927b440c38ade1668f0da64047ffd20ec34e32d817f9a60d07553301324b364", size = 75780, upload-time = "2025-10-17T18:03:47.273Z" },
    { url = "https://files.pythonhosted.org/packages/59/ea/e79e168c3d38c27d59d5d96273fd9e3c3ba55937cc944c4e60618f51de90/pyodbc-5.3.0-cp314-cp314t-macosx_11_0_arm64.whl", hash = "sha256:25c4cfb2c08e77bc6e82f666d7acd52f0e52a0401b1876e60f03c73c3b8aedc0", size = 75503, upload-time = "2025-10-17T18:03:48.171Z" },
    { url = "https://files.pythonhosted.org/packages/90/81/d1d7c125ec4a20e83fdc28e119b8321192b2bd694f432cf63e1199b2b929/pyodbc-5.3.0-cp314-cp314t-manylinux2014_aarch64.manylinux_2_17_aarch64.manylinux_2_28_aarch64.whl", hash = "sha256:bc834567c2990584b9726cba365834d039380c9dbbcef3030ddeb00c6541b943", size = 398356, upload-time = "2025-10-17T18:03:49.131Z" },
    { url = "https://files.pythonhosted.org/packages/5e/fc/f6be4b3cc3910f8c2aba37aa41671121fd6f37b402ae0fefe53a70ac7cd5/pyodbc-5.3.0-cp314-cp314t-manylinux2014_x86_64.manylinux_2_17_x86_64.manylinux_2_28_x86_64.whl", hash = "sha256:8339d3094858893c1a68ee1af93efc4dff18b8b65de54d99104b99af6306320d", size = 397291, upload-time = "2025-10-17T18:03:50.18Z" },
    { url = "https://files.pythonhosted.org/packages/03/2e/0610b1ed05a5625528d52f6cece9610e84617d35f475c89c2a52f66d13f7/pyodbc-5.3.0-cp314-cp314t-musllinux_1_2_aarch64.whl", hash = "sha256:74528fe148980d0c735c0ebb4a4dc74643ac4574337c43c1006ac4d09593f92d", size = 1353900, upload-time = "2025-10-17T18:03:51.339Z" },
    { url = "https://files.pythonhosted.org/packages/1d/f1/43497e1d37f9f71b43b2b3172e7b1bdf50851e278390c3fb6b46a3630c53/pyodbc-5.3.0-cp314-cp314t-musllinux_1_2_x86_64.whl", hash = "sha256:d89a7f2e24227150c13be8164774b7e1f9678321a4248f1356a465b9cc17d31e", size = 1406062, upload-time = "2025-10-17T18:03:52.546Z" },
    { url = "https://files.pythonhosted.org/packages/9e/8b/88a1277c2f7d9ab1cec0a71e074ba24fd4a1710a43974682546da90a1343/pyodbc-5.3.0-cp314-cp314t-win32.whl", hash = "sha256:af4d8c9842fc4a6360c31c35508d6594d5a3b39922f61b282c2b4c9d9da99514", size = 70132, upload-time = "2025-10-17T18:03:53.715Z" },
    { url = "https://files.pythonhosted.org/packages/ba/c7/ee98c62050de4aa8bafb6eb1e11b95e0b0c898bd5930137c6dc776e06a9b/pyodbc-5.3.0-cp314-cp314t-win_amd64.whl", hash = "sha256:bfeb3e34795d53b7d37e66dd54891d4f9c13a3889a8f5fe9640e56a82d770955", size = 79452, upload-time = "2025-10-17T18:03:54.664Z" },
    { url = "https://files.pythonhosted.org/packages/4b/8f/d8889efd96bbe8e5d43ff9701f6b1565a8e09c3e1f58c388d550724f777b/pyodbc-5.3.0-cp314-cp314t-win_arm64.whl", hash = "sha256:13656184faa3f2d5c6f19b701b8f247342ed581484f58bf39af7315c054e69db", size = 70142, upload-time = "2025-10-17T18:03:55.551Z" },
    { url = "https://files.pythonhosted.org/packages/98/21/879440a55360075137bf125103e01b2722e2fac8ff65ba5fe4fd4c5ec63a/pyodbc-5.3.0-cp39-cp39-macosx_10_9_x86_64.whl", hash = "sha256:0263323fc47082c2bf02562f44149446bbbfe91450d271e44bffec0c3143bfb1", size = 71965, upload-time = "2025-10-17T18:03:59.128Z" },
    { url = "https://files.pythonhosted.org/packages/1a/c9/cd3cf6b8070a0c604cf83d46319390d9fc56405a91c9bcf96706e0d4d507/pyodbc-5.3.0-cp39-cp39-macosx_11_0_arm64.whl", hash = "sha256:452e7911a35ee12a56b111ac5b596d6ed865b83fcde8427127913df53132759e", size = 71919, upload-time = "2025-10-17T18:03:59.999Z" },
    { url = "https://files.pythonhosted.org/packages/10/6c/8df5a61060f49b82977668a850015e182353a1e953d03dc4ddd5854270d2/pyodbc-5.3.0-cp39-cp39-manylinux2014_aarch64.manylinux_2_17_aarch64.manylinux_2_28_aarch64.whl", hash = "sha256:b35b9983ad300e5aea82b8d1661fc9d3afe5868de527ee6bd252dd550e61ecd6", size = 314623, upload-time = "2025-10-17T18:04:00.963Z" },
    { url = "https://files.pythonhosted.org/packages/91/5e/793834aa203766008bbd503abdd86d610b01e35cff3d3f7680d91dbc353f/pyodbc-5.3.0-cp39-cp39-manylinux2014_x86_64.manylinux_2_17_x86_64.manylinux_2_28_x86_64.whl", hash = "sha256:e981db84fee4cebec67f41bd266e1e7926665f1b99c3f8f4ea73cd7f7666e381", size = 318809, upload-time = "2025-10-17T18:04:02.055Z" },
    { url = "https://files.pythonhosted.org/packages/9b/64/5b14a07efb7a3bbe7672572335d85af8805c2031853db416ffb6f01dfc7f/pyodbc-5.3.0-cp39-cp39-musllinux_1_2_aarch64.whl", hash = "sha256:25b6766e56748eb1fc1d567d863e06cbb7b7c749a41dfed85db0031e696fa39a", size = 1282409, upload-time = "2025-10-17T18:04:03.604Z" },
    { url = "https://files.pythonhosted.org/packages/f2/6a/efd1ab7351681610659986f379ba0778c2035eadc62f1260cf537be4b9d9/pyodbc-5.3.0-cp39-cp39-musllinux_1_2_x86_64.whl", hash = "sha256:2eb7151ed0a1959cae65b6ac0454f5c8bbcd2d8bafeae66483c09d58b0c7a7fc", size = 1340280, upload-time = "2025-10-17T18:04:05.228Z" },
    { url = "https://files.pythonhosted.org/packages/36/88/4b8fc797de1a792bc3de60bcf2845c3b802347d280bc6608425f06d703dc/pyodbc-5.3.0-cp39-cp39-win32.whl", hash = "sha256:fc5ac4f2165f7088e74ecec5413b5c304247949f9702c8853b0e43023b4187e8", size = 63065, upload-time = "2025-10-17T18:04:06.351Z" },
    { url = "https://files.pythonhosted.org/packages/41/43/87bfbeaa36f60ef4be56a5ce3869b35251bebfe443a0a357f1a32ce6794e/pyodbc-5.3.0-cp39-cp39-win_amd64.whl", hash = "sha256:c25dc9c41f61573bdcf61a3408c34b65e4c0f821b8f861ca7531b1353b389804", size = 69586, upload-time = "2025-10-17T18:04:07.291Z" },
    { url = "https://files.pythonhosted.org/packages/99/2f/9c1ead06516e492b8cfab35605972bc8d306ad728adea53b280d6a7e4f87/pyodbc-5.3.0-cp39-cp39-win_arm64.whl", hash = "sha256:101313a21d2654df856a60e4a13763e4d9f6c5d3fd974bcf3fc6b4e86d1bbe8e", size = 64467, upload-time = "2025-10-17T18:04:08.169Z" },
]

[[package]]
name = "python-dotenv"
version = "1.0.1"
source = { registry = "https://pypi.org/simple" }
resolution-markers = [
    "python_full_version < '3.9'",
]
sdist = { url = "https://files.pythonhosted.org/packages/bc/57/e84d88dfe0aec03b7a2d4327012c1627ab5f03652216c63d49846d7a6c58/python-dotenv-1.0.1.tar.gz", hash = "sha256:e324ee90a023d808f1959c46bcbc04446a10ced277783dc6ee09987c37ec10ca", size = 39115, upload-time = "2024-01-23T06:33:00.505Z" }
wheels = [
    { url = "https://files.pythonhosted.org/packages/6a/3e/b68c118422ec867fa7ab88444e1274aa40681c606d59ac27de5a5588f082/python_dotenv-1.0.1-py3-none-any.whl", hash = "sha256:f7b63ef50f1b690dddf550d03497b66d609393b40b564ed0d674909a68ebf16a", size = 19863, upload-time = "2024-01-23T06:32:58.246Z" },
]

[[package]]
name = "python-dotenv"
version = "1.2.1"
source = { registry = "https://pypi.org/simple" }
resolution-markers = [
    "python_full_version == '3.9.*'",
]
sdist = { url = "https://files.pythonhosted.org/packages/f0/26/19cadc79a718c5edbec86fd4919a6b6d3f681039a2f6d66d14be94e75fb9/python_dotenv-1.2.1.tar.gz", hash = "sha256:42667e897e16ab0d66954af0e60a9caa94f0fd4ecf3aaf6d2d260eec1aa36ad6", size = 44221, upload-time = "2025-10-26T15:12:10.434Z" }
wheels = [
    { url = "https://files.pythonhosted.org/packages/14/1b/a298b06749107c305e1fe0f814c6c74aea7b2f1e10989cb30f544a1b3253/python_dotenv-1.2.1-py3-none-any.whl", hash = "sha256:b81ee9561e9ca4004139c6cbba3a238c32b03e4894671e181b671e8cb8425d61", size = 21230, upload-time = "2025-10-26T15:12:09.109Z" },
]

[[package]]
name = "python-dotenv"
version = "1.2.2"
source = { registry = "https://pypi.org/simple" }
resolution-markers = [
    "python_full_version >= '3.10'",
]
sdist = { url = "https://files.pythonhosted.org/packages/82/ed/0301aeeac3e5353ef3d94b6ec08bbcabd04a72018415dcb29e588514bba8/python_dotenv-1.2.2.tar.gz", hash = "sha256:2c371a91fbd7ba082c2c1dc1f8bf89ca22564a087c2c287cd9b662adde799cf3", size = 50135, upload-time = "2026-03-01T16:00:26.196Z" }
wheels = [
    { url = "https://files.pythonhosted.org/packages/0b/d7/1959b9648791274998a9c3526f6d0ec8fd2233e4d4acce81bbae76b44b2a/python_dotenv-1.2.2-py3-none-any.whl", hash = "sha256:1d8214789a24de455a8b8bd8ae6fe3c6b69a5e3d64aa8a8e5d68e694bbcb285a", size = 22101, upload-time = "2026-03-01T16:00:25.09Z" },
]

[[package]]
name = "win32-setctime"
version = "1.2.0"
source = { registry = "https://pypi.org/simple" }
sdist = { url = "https://files.pythonhosted.org/packages/b3/8f/705086c9d734d3b663af0e9bb3d4de6578d08f46b1b101c2442fd9aecaa2/win32_setctime-1.2.0.tar.gz", hash = "sha256:ae1fdf948f5640aae05c511ade119313fb6a30d7eabe25fef9764dca5873c4c0", size = 4867, upload-time = "2024-12-07T15:28:28.314Z" }
wheels = [
    { url = "https://files.pythonhosted.org/packages/e1/07/c6fe3ad3e685340704d314d765b7912993bcb8dc198f0e7a89382d37974b/win32_setctime-1.2.0-py3-none-any.whl", hash = "sha256:95d644c4e708aba81dc3704a116d8cbc974d70b3bdb8be1d150e36be6e9d1390", size = 4083, upload-time = "2024-12-07T15:28:26.465Z" },
]
